
Microsoft Visual Studio Solution File, Format Version 12.00
# Visual Studio 2013
VisualStudioVersion = 12.0.31101.0
MinimumVisualStudioVersion = 10.0.40219.1
Project("{FAE04EC0-301F-11D3-BF4B-00C04F79EFBC}") = "Core", "DataMining.Core\Core.csproj", "{D686DC84-FFF2-4344-84FB-E90D8BF86C0A}"
EndProject
Project("{2150E333-8FDC-42A3-9474-1A3956D46DE8}") = "src", "src", "{CCBCB5D4-F362-4249-8E6F-80048AD90556}"
EndProject
Project("{2150E333-8FDC-42A3-9474-1A3956D46DE8}") = "tests", "tests", "{48DEA828-E06C-4D89-B765-3A85B25C387D}"
EndProject
Project("{FAE04EC0-301F-11D3-BF4B-00C04F79EFBC}") = "CoreTests", "..\tests\CoreTests\CoreTests.csproj", "{C7FDD365-BE4C-4BDC-B20C-6DF39AA6BA29}"
EndProject
Global
	GlobalSection(SolutionConfigurationPlatforms) = preSolution
		Debug|Any CPU = Debug|Any CPU
		Release|Any CPU = Release|Any CPU
	EndGlobalSection
	GlobalSection(ProjectConfigurationPlatforms) = postSolution
		{D686DC84-FFF2-4344-84FB-E90D8BF86C0A}.Debug|Any CPU.ActiveCfg = Debug|Any CPU
		{D686DC84-FFF2-4344-84FB-E90D8BF86C0A}.Debug|Any CPU.Build.0 = Debug|Any CPU
		{D686DC84-FFF2-4344-84FB-E90D8BF86C0A}.Release|Any CPU.ActiveCfg = Release|Any CPU
		{D686DC84-FFF2-4344-84FB-E90D8BF86C0A}.Release|Any CPU.Build.0 = Release|Any CPU
		{C7FDD365-BE4C-4BDC-B20C-6DF39AA6BA29}.Debug|Any CPU.ActiveCfg = Debug|Any CPU
		{C7FDD365-BE4C-4BDC-B20C-6DF39AA6BA29}.Debug|Any CPU.Build.0 = Debug|Any CPU
		{C7FDD365-BE4C-4BDC-B20C-6DF39AA6BA29}.Release|Any CPU.ActiveCfg = Release|Any CPU
		{C7FDD365-BE4C-4BDC-B20C-6DF39AA6BA29}.Release|Any CPU.Build.0 = Release|Any CPU
	EndGlobalSection
	GlobalSection(SolutionProperties) = preSolution
		HideSolutionNode = FALSE
	EndGlobalSection
	GlobalSection(NestedProjects) = preSolution
		{D686DC84-FFF2-4344-84FB-E90D8BF86C0A} = {CCBCB5D4-F362-4249-8E6F-80048AD90556}
		{C7FDD365-BE4C-4BDC-B20C-6DF39AA6BA29} = {48DEA828-E06C-4D89-B765-3A85B25C387D}
	EndGlobalSection
EndGlobal
